{
  "name": "node_net",
  "version": "1.0.0",
  "lockfileVersion": 1,
  "requires": true,
  "dependencies": {
    "deprecate": {
      "version": "1.0.0",
      "resolved": "https://registry.npmjs.org/deprecate/-/deprecate-1.0.0.tgz",
      "integrity": "sha1-ZhSQ7SQokWpsiIPYg05WRvTkpKg="
    },
    "node-crc16": {
      "version": "1.0.0",
      "resolved": "https://registry.npmjs.org/node-crc16/-/node-crc16-1.0.0.tgz",
      "integrity": "sha512-gwfJO0m2A3Omqb9tEQoLqum+8f5qdvqhP+bb4RvJmsHahwUV3ABN2aV6g2WjoEubOr/ifk9mGTVPn2pY9KJFnA==",
      "requires": {
        "deprecate": "1.0.0"
      }
    }
  }
}
